
Microsoft Visual Studio Solution File, Format Version 12.00
# Visual Studio 2015
Project("{FAE04EC0-301F-11D3-BF4B-00C04F79EFBC}") = "MarioProject.CSharp", "MarioProject.CSharp.csproj", "{CBA3FBBA-0F26-C793-237C-6052A1BE35DC}"
EndProject
Global
	GlobalSection(SolutionConfigurationPlatforms) = preSolution
		Debug|Any CPU = Debug|Any CPU
		Release|Any CPU = Release|Any CPU
	EndGlobalSection
	GlobalSection(ProjectConfigurationPlatforms) = postSolution
		{CBA3FBBA-0F26-C793-237C-6052A1BE35DC}.Debug|Any CPU.ActiveCfg = Debug|Any CPU
		{CBA3FBBA-0F26-C793-237C-6052A1BE35DC}.Debug|Any CPU.Build.0 = Debug|Any CPU
		{CBA3FBBA-0F26-C793-237C-6052A1BE35DC}.Release|Any CPU.ActiveCfg = Release|Any CPU
		{CBA3FBBA-0F26-C793-237C-6052A1BE35DC}.Release|Any CPU.Build.0 = Release|Any CPU
	EndGlobalSection
	GlobalSection(SolutionProperties) = preSolution
		HideSolutionNode = FALSE
	EndGlobalSection
EndGlobal
